
Microsoft Visual Studio Solution File, Format Version 12.00
# Visual Studio Version 17
VisualStudioVersion = 17.10.34818.151
MinimumVisualStudioVersion = 10.0.40219.1
Project("{FAE04EC0-301F-11D3-BF4B-00C04F79EFBC}") = "ConsumeAPI", "ConsumeAPI\ConsumeAPI.csproj", "{F98F044B-34F6-4ADC-BCB5-E3EF5AFA2C24}"
EndProject
Global
	GlobalSection(SolutionConfigurationPlatforms) = preSolution
		Debug|Any CPU = Debug|Any CPU
		Release|Any CPU = Release|Any CPU
	EndGlobalSection
	GlobalSection(ProjectConfigurationPlatforms) = postSolution
		{F98F044B-34F6-4ADC-BCB5-E3EF5AFA2C24}.Debug|Any CPU.ActiveCfg = Debug|Any CPU
		{F98F044B-34F6-4ADC-BCB5-E3EF5AFA2C24}.Debug|Any CPU.Build.0 = Debug|Any CPU
		{F98F044B-34F6-4ADC-BCB5-E3EF5AFA2C24}.Release|Any CPU.ActiveCfg = Release|Any CPU
		{F98F044B-34F6-4ADC-BCB5-E3EF5AFA2C24}.Release|Any CPU.Build.0 = Release|Any CPU
	EndGlobalSection
	GlobalSection(SolutionProperties) = preSolution
		HideSolutionNode = FALSE
	EndGlobalSection
	GlobalSection(ExtensibilityGlobals) = postSolution
		SolutionGuid = {C31371D8-C938-48B7-A021-EDDA35B613CA}
	EndGlobalSection
EndGlobal
